
Microsoft Visual Studio Solution File, Format Version 12.00
# Visual Studio Version 16
VisualStudioVersion = 16.0.31019.35
MinimumVisualStudioVersion = 10.0.40219.1
Project("{FAE04EC0-301F-11D3-BF4B-00C04F79EFBC}") = "Unique", "Unique\Unique.csproj", "{E4956D6D-DFF3-41E4-8308-9DB9CB6FF074}"
EndProject
Global
	GlobalSection(SolutionConfigurationPlatforms) = preSolution
		Debug|Any CPU = Debug|Any CPU
		Release|Any CPU = Release|Any CPU
	EndGlobalSection
	GlobalSection(ProjectConfigurationPlatforms) = postSolution
		{E4956D6D-DFF3-41E4-8308-9DB9CB6FF074}.Debug|Any CPU.ActiveCfg = Debug|Any CPU
		{E4956D6D-DFF3-41E4-8308-9DB9CB6FF074}.Debug|Any CPU.Build.0 = Debug|Any CPU
		{E4956D6D-DFF3-41E4-8308-9DB9CB6FF074}.Release|Any CPU.ActiveCfg = Release|Any CPU
		{E4956D6D-DFF3-41E4-8308-9DB9CB6FF074}.Release|Any CPU.Build.0 = Release|Any CPU
	EndGlobalSection
	GlobalSection(SolutionProperties) = preSolution
		HideSolutionNode = FALSE
	EndGlobalSection
	GlobalSection(ExtensibilityGlobals) = postSolution
		SolutionGuid = {B4460A0A-9146-40B1-B8AD-77BBC4B27841}
	EndGlobalSection
EndGlobal
