
Microsoft Visual Studio Solution File, Format Version 12.00
# Visual Studio Version 16
VisualStudioVersion = 16.0.31019.35
MinimumVisualStudioVersion = 10.0.40219.1
Project("{FAE04EC0-301F-11D3-BF4B-00C04F79EFBC}") = "flag_gif", "flag_gif\flag_gif.csproj", "{8E253636-F88B-40A4-B11D-EDA350F52901}"
EndProject
Global
	GlobalSection(SolutionConfigurationPlatforms) = preSolution
		Debug|Any CPU = Debug|Any CPU
		Release|Any CPU = Release|Any CPU
	EndGlobalSection
	GlobalSection(ProjectConfigurationPlatforms) = postSolution
		{8E253636-F88B-40A4-B11D-EDA350F52901}.Debug|Any CPU.ActiveCfg = Debug|Any CPU
		{8E253636-F88B-40A4-B11D-EDA350F52901}.Debug|Any CPU.Build.0 = Debug|Any CPU
		{8E253636-F88B-40A4-B11D-EDA350F52901}.Release|Any CPU.ActiveCfg = Release|Any CPU
		{8E253636-F88B-40A4-B11D-EDA350F52901}.Release|Any CPU.Build.0 = Release|Any CPU
	EndGlobalSection
	GlobalSection(SolutionProperties) = preSolution
		HideSolutionNode = FALSE
	EndGlobalSection
	GlobalSection(ExtensibilityGlobals) = postSolution
		SolutionGuid = {4BFA387A-D84C-4E3F-A738-AF1FBF385757}
	EndGlobalSection
EndGlobal
