
Microsoft Visual Studio Solution File, Format Version 12.00
# Visual Studio Version 16
VisualStudioVersion = 16.0.31205.134
MinimumVisualStudioVersion = 10.0.40219.1
Project("{FAE04EC0-301F-11D3-BF4B-00C04F79EFBC}") = "Snowflake", "Snowflake\Snowflake.csproj", "{4A50F309-06C3-48D0-BC95-AD1AF24AD02D}"
EndProject
Global
	GlobalSection(SolutionConfigurationPlatforms) = preSolution
		Debug|Any CPU = Debug|Any CPU
		Release|Any CPU = Release|Any CPU
	EndGlobalSection
	GlobalSection(ProjectConfigurationPlatforms) = postSolution
		{4A50F309-06C3-48D0-BC95-AD1AF24AD02D}.Debug|Any CPU.ActiveCfg = Debug|Any CPU
		{4A50F309-06C3-48D0-BC95-AD1AF24AD02D}.Debug|Any CPU.Build.0 = Debug|Any CPU
		{4A50F309-06C3-48D0-BC95-AD1AF24AD02D}.Release|Any CPU.ActiveCfg = Release|Any CPU
		{4A50F309-06C3-48D0-BC95-AD1AF24AD02D}.Release|Any CPU.Build.0 = Release|Any CPU
	EndGlobalSection
	GlobalSection(SolutionProperties) = preSolution
		HideSolutionNode = FALSE
	EndGlobalSection
	GlobalSection(ExtensibilityGlobals) = postSolution
		SolutionGuid = {A7D325BF-17A1-45A8-B2DB-B4D48FE567D9}
	EndGlobalSection
EndGlobal
