
Microsoft Visual Studio Solution File, Format Version 12.00
# Visual Studio Version 16
VisualStudioVersion = 16.0.31019.35
MinimumVisualStudioVersion = 10.0.40219.1
Project("{FAE04EC0-301F-11D3-BF4B-00C04F79EFBC}") = "WindowsFormsApp1", "WindowsFormsApp1\WindowsFormsApp1.csproj", "{3B2EAE74-E70E-46BA-85CD-EC1B49E2F2A5}"
EndProject
Global
	GlobalSection(SolutionConfigurationPlatforms) = preSolution
		Debug|Any CPU = Debug|Any CPU
		Release|Any CPU = Release|Any CPU
	EndGlobalSection
	GlobalSection(ProjectConfigurationPlatforms) = postSolution
		{3B2EAE74-E70E-46BA-85CD-EC1B49E2F2A5}.Debug|Any CPU.ActiveCfg = Debug|Any CPU
		{3B2EAE74-E70E-46BA-85CD-EC1B49E2F2A5}.Debug|Any CPU.Build.0 = Debug|Any CPU
		{3B2EAE74-E70E-46BA-85CD-EC1B49E2F2A5}.Release|Any CPU.ActiveCfg = Release|Any CPU
		{3B2EAE74-E70E-46BA-85CD-EC1B49E2F2A5}.Release|Any CPU.Build.0 = Release|Any CPU
	EndGlobalSection
	GlobalSection(SolutionProperties) = preSolution
		HideSolutionNode = FALSE
	EndGlobalSection
	GlobalSection(ExtensibilityGlobals) = postSolution
		SolutionGuid = {210680A2-4E1F-4072-A848-FD582E958D1B}
	EndGlobalSection
EndGlobal
